
Microsoft Visual Studio Solution File, Format Version 12.00
# Visual Studio 15
VisualStudioVersion = 15.0.27703.2047
MinimumVisualStudioVersion = 10.0.40219.1
Project("{2150E333-8FDC-42A3-9474-1A3956D46DE8}") = "Solution Items", "Solution Items", "{376E38B7-642E-4D0E-ACE5-85DD06B9F69D}"
	ProjectSection(SolutionItems) = preProject
		board.txt = board.txt
		boardTr.txt = boardTr.txt
		boardValue.txt = boardValue.txt
		dictionary.txt = dictionary.txt
		main.py = main.py
		rack.txt = rack.txt
		temp.py = temp.py
	EndProjectSection
EndProject
Global
	GlobalSection(SolutionProperties) = preSolution
		HideSolutionNode = FALSE
	EndGlobalSection
	GlobalSection(ExtensibilityGlobals) = postSolution
		SolutionGuid = {71A6F373-EB2D-44E6-8C9A-73058801B4CD}
	EndGlobalSection
EndGlobal
